// !$*UTF8*$!
{
	archiveVersion = 1;
	classes = {
	};
	objectVersion = 55;
	objects = {

/* Begin PBXBuildFile section */
		D9D2DAF1278F21A800635C83 /* glad.c in Sources */ = {isa = PBXBuildFile; fileRef = D9D2DAF0278F21A800635C83 /* glad.c */; };
		D9D2DAF2278F22E400635C83 /* OpenGL.framework in Frameworks */ = {isa = PBXBuildFile; fileRef = D9F97C9A278C7966004BF785 /* OpenGL.framework */; };
		D9D2DAF3278F234200635C83 /* libglfw.3.3.dylib in Frameworks */ = {isa = PBXBuildFile; fileRef = D9F97C9E278C7D86004BF785 /* libglfw.3.3.dylib */; };
		D9D2DAF4278F234200635C83 /* libglfw.3.3.dylib in Embed Libraries */ = {isa = PBXBuildFile; fileRef = D9F97C9E278C7D86004BF785 /* libglfw.3.3.dylib */; settings = {ATTRIBUTES = (CodeSignOnCopy, ); }; };
		D9D2DB02278FF43D00635C83 /* triangle.cpp in Sources */ = {isa = PBXBuildFile; fileRef = D9D2DB01278FF43D00635C83 /* triangle.cpp */; };
		D9D2DB0B278FF4E300635C83 /* main.cpp in Sources */ = {isa = PBXBuildFile; fileRef = D9D2DB0A278FF4E300635C83 /* main.cpp */; };
		D9D2DB11278FF5BD00635C83 /* Shader.h in Sources */ = {isa = PBXBuildFile; fileRef = D9D2DAFF278FF22900635C83 /* Shader.h */; };
		D9D2DB12278FF5C000635C83 /* glad.c in Sources */ = {isa = PBXBuildFile; fileRef = D9F97CA0278C7DB1004BF785 /* glad.c */; };
		D9D2DB14278FFEAF00635C83 /* Shader.cpp in Sources */ = {isa = PBXBuildFile; fileRef = D9D2DB13278FFEAF00635C83 /* Shader.cpp */; };
		D9D2DB1727900A1800635C83 /* shader.vs in Sources */ = {isa = PBXBuildFile; fileRef = D9D2DB15279008B300635C83 /* shader.vs */; };
		D9D2DB1827900A1C00635C83 /* shader.fs in Sources */ = {isa = PBXBuildFile; fileRef = D9D2DB16279008C600635C83 /* shader.fs */; };
		D9D2DB1927900A4E00635C83 /* OpenGL.framework in Frameworks */ = {isa = PBXBuildFile; fileRef = D9F97C9A278C7966004BF785 /* OpenGL.framework */; };
		D9D2DB1A27900A6C00635C83 /* libglfw.3.3.dylib in Frameworks */ = {isa = PBXBuildFile; fileRef = D9F97C9E278C7D86004BF785 /* libglfw.3.3.dylib */; };
		D9D2DB222790180800635C83 /* main.cpp in Sources */ = {isa = PBXBuildFile; fileRef = D9D2DB212790180800635C83 /* main.cpp */; };
		D9D2DB262790183300635C83 /* OpenGL.framework in Frameworks */ = {isa = PBXBuildFile; fileRef = D9F97C9A278C7966004BF785 /* OpenGL.framework */; };
		D9D2DB272790184200635C83 /* libglfw.3.3.dylib in Frameworks */ = {isa = PBXBuildFile; fileRef = D9F97C9E278C7D86004BF785 /* libglfw.3.3.dylib */; };
		D9D2DB282790184200635C83 /* libglfw.3.3.dylib in Embed Libraries */ = {isa = PBXBuildFile; fileRef = D9F97C9E278C7D86004BF785 /* libglfw.3.3.dylib */; settings = {ATTRIBUTES = (CodeSignOnCopy, ); }; };
		D9D2DB2A2790186D00635C83 /* glad.c in Sources */ = {isa = PBXBuildFile; fileRef = D9D2DAF0278F21A800635C83 /* glad.c */; };
		D9D2DB3127901DC500635C83 /* Shader.vs in Sources */ = {isa = PBXBuildFile; fileRef = D9D2DB2E27901A9500635C83 /* Shader.vs */; };
		D9D2DB3227901DCA00635C83 /* Shader.fs in Sources */ = {isa = PBXBuildFile; fileRef = D9D2DB2F27901AA300635C83 /* Shader.fs */; };
		D9D2DB3327901DCD00635C83 /* std_image.h in Sources */ = {isa = PBXBuildFile; fileRef = D9D2DB2D279019C700635C83 /* std_image.h */; };
		D9D2DB3427901DD000635C83 /* container.jpeg in Sources */ = {isa = PBXBuildFile; fileRef = D9D2DB3027901B2C00635C83 /* container.jpeg */; };
		D9D2DB38279023D200635C83 /* Shader.cpp in Sources */ = {isa = PBXBuildFile; fileRef = D9D2DB13278FFEAF00635C83 /* Shader.cpp */; };
		D9F97C93278C7699004BF785 /* main.cpp in Sources */ = {isa = PBXBuildFile; fileRef = D9F97C92278C7699004BF785 /* main.cpp */; };
		D9F97C9B278C7966004BF785 /* OpenGL.framework in Frameworks */ = {isa = PBXBuildFile; fileRef = D9F97C9A278C7966004BF785 /* OpenGL.framework */; };
		D9F97C9F278C7D86004BF785 /* libglfw.3.3.dylib in Frameworks */ = {isa = PBXBuildFile; fileRef = D9F97C9E278C7D86004BF785 /* libglfw.3.3.dylib */; };
		D9F97CA1278C7DB1004BF785 /* glad.c in Sources */ = {isa = PBXBuildFile; fileRef = D9F97CA0278C7DB1004BF785 /* glad.c */; };
/* End PBXBuildFile section */

/* Begin PBXCopyFilesBuildPhase section */
		D9D2DAE6278F213400635C83 /* CopyFiles */ = {
			isa = PBXCopyFilesBuildPhase;
			buildActionMask = 2147483647;
			dstPath = /usr/share/man/man1/;
			dstSubfolderSpec = 0;
			files = (
			);
			runOnlyForDeploymentPostprocessing = 1;
		};
		D9D2DAF5278F234200635C83 /* Embed Libraries */ = {
			isa = PBXCopyFilesBuildPhase;
			buildActionMask = 2147483647;
			dstPath = "";
			dstSubfolderSpec = 10;
			files = (
				D9D2DAF4278F234200635C83 /* libglfw.3.3.dylib in Embed Libraries */,
			);
			name = "Embed Libraries";
			runOnlyForDeploymentPostprocessing = 0;
		};
		D9D2DB06278FF4E300635C83 /* CopyFiles */ = {
			isa = PBXCopyFilesBuildPhase;
			buildActionMask = 2147483647;
			dstPath = /usr/share/man/man1/;
			dstSubfolderSpec = 0;
			files = (
			);
			runOnlyForDeploymentPostprocessing = 1;
		};
		D9D2DB1D2790180800635C83 /* CopyFiles */ = {
			isa = PBXCopyFilesBuildPhase;
			buildActionMask = 2147483647;
			dstPath = /usr/share/man/man1/;
			dstSubfolderSpec = 0;
			files = (
			);
			runOnlyForDeploymentPostprocessing = 1;
		};
		D9D2DB292790184200635C83 /* Embed Libraries */ = {
			isa = PBXCopyFilesBuildPhase;
			buildActionMask = 2147483647;
			dstPath = "";
			dstSubfolderSpec = 10;
			files = (
				D9D2DB282790184200635C83 /* libglfw.3.3.dylib in Embed Libraries */,
			);
			name = "Embed Libraries";
			runOnlyForDeploymentPostprocessing = 0;
		};
		D9F97C8D278C7699004BF785 /* CopyFiles */ = {
			isa = PBXCopyFilesBuildPhase;
			buildActionMask = 2147483647;
			dstPath = /usr/share/man/man1/;
			dstSubfolderSpec = 0;
			files = (
			);
			runOnlyForDeploymentPostprocessing = 1;
		};
/* End PBXCopyFilesBuildPhase section */

/* Begin PBXFileReference section */
		D9D2DAE8278F213400635C83 /* triangle */ = {isa = PBXFileReference; explicitFileType = "compiled.mach-o.executable"; includeInIndex = 0; path = triangle; sourceTree = BUILT_PRODUCTS_DIR; };
		D9D2DAF0278F21A800635C83 /* glad.c */ = {isa = PBXFileReference; fileEncoding = 4; lastKnownFileType = sourcecode.c.c; path = glad.c; sourceTree = "<group>"; };
		D9D2DAFF278FF22900635C83 /* Shader.h */ = {isa = PBXFileReference; lastKnownFileType = sourcecode.c.h; path = Shader.h; sourceTree = "<group>"; };
		D9D2DB01278FF43D00635C83 /* triangle.cpp */ = {isa = PBXFileReference; fileEncoding = 4; lastKnownFileType = sourcecode.cpp.cpp; path = triangle.cpp; sourceTree = "<group>"; };
		D9D2DB08278FF4E300635C83 /* OurShader */ = {isa = PBXFileReference; explicitFileType = "compiled.mach-o.executable"; includeInIndex = 0; path = OurShader; sourceTree = BUILT_PRODUCTS_DIR; };
		D9D2DB0A278FF4E300635C83 /* main.cpp */ = {isa = PBXFileReference; lastKnownFileType = sourcecode.cpp.cpp; path = main.cpp; sourceTree = "<group>"; };
		D9D2DB13278FFEAF00635C83 /* Shader.cpp */ = {isa = PBXFileReference; lastKnownFileType = sourcecode.cpp.cpp; path = Shader.cpp; sourceTree = "<group>"; };
		D9D2DB15279008B300635C83 /* shader.vs */ = {isa = PBXFileReference; lastKnownFileType = sourcecode.glsl; path = shader.vs; sourceTree = "<group>"; };
		D9D2DB16279008C600635C83 /* shader.fs */ = {isa = PBXFileReference; lastKnownFileType = sourcecode.glsl; path = shader.fs; sourceTree = "<group>"; };
		D9D2DB1F2790180800635C83 /* Texture */ = {isa = PBXFileReference; explicitFileType = "compiled.mach-o.executable"; includeInIndex = 0; path = Texture; sourceTree = BUILT_PRODUCTS_DIR; };
		D9D2DB212790180800635C83 /* main.cpp */ = {isa = PBXFileReference; lastKnownFileType = sourcecode.cpp.cpp; path = main.cpp; sourceTree = "<group>"; };
		D9D2DB2D279019C700635C83 /* std_image.h */ = {isa = PBXFileReference; lastKnownFileType = sourcecode.c.h; path = std_image.h; sourceTree = "<group>"; };
		D9D2DB2E27901A9500635C83 /* Shader.vs */ = {isa = PBXFileReference; lastKnownFileType = sourcecode.glsl; path = Shader.vs; sourceTree = "<group>"; };
		D9D2DB2F27901AA300635C83 /* Shader.fs */ = {isa = PBXFileReference; lastKnownFileType = sourcecode.glsl; path = Shader.fs; sourceTree = "<group>"; };
		D9D2DB3027901B2C00635C83 /* container.jpeg */ = {isa = PBXFileReference; lastKnownFileType = image.jpeg; path = container.jpeg; sourceTree = "<group>"; };
		D9D2DB39279026C900635C83 /* awesomeface.png */ = {isa = PBXFileReference; lastKnownFileType = image.png; path = awesomeface.png; sourceTree = "<group>"; };
		D9D2DB3B27903C7600635C83 /* MURCat.jpg */ = {isa = PBXFileReference; lastKnownFileType = image.jpeg; path = MURCat.jpg; sourceTree = "<group>"; };
		D9D2DB3C27903D2200635C83 /* a.jpeg */ = {isa = PBXFileReference; lastKnownFileType = image.jpeg; path = a.jpeg; sourceTree = "<group>"; };
		D9F97C8F278C7699004BF785 /* OpenGL_Template */ = {isa = PBXFileReference; explicitFileType = "compiled.mach-o.executable"; includeInIndex = 0; path = OpenGL_Template; sourceTree = BUILT_PRODUCTS_DIR; };
		D9F97C92278C7699004BF785 /* main.cpp */ = {isa = PBXFileReference; lastKnownFileType = sourcecode.cpp.cpp; path = main.cpp; sourceTree = "<group>"; };
		D9F97C9A278C7966004BF785 /* OpenGL.framework */ = {isa = PBXFileReference; lastKnownFileType = wrapper.framework; name = OpenGL.framework; path = System/Library/Frameworks/OpenGL.framework; sourceTree = SDKROOT; };
		D9F97C9C278C79A7004BF785 /* libglfw3.a */ = {isa = PBXFileReference; lastKnownFileType = archive.ar; name = libglfw3.a; path = "../../Downloads/glfw-3.3.2/build/src/Debug/libglfw3.a"; sourceTree = "<group>"; };
		D9F97C9E278C7D86004BF785 /* libglfw.3.3.dylib */ = {isa = PBXFileReference; lastKnownFileType = "compiled.mach-o.dylib"; name = libglfw.3.3.dylib; path = ../../../../usr/local/Cellar/glfw/3.3.6/lib/libglfw.3.3.dylib; sourceTree = "<group>"; };
		D9F97CA0278C7DB1004BF785 /* glad.c */ = {isa = PBXFileReference; fileEncoding = 4; lastKnownFileType = sourcecode.c.c; path = glad.c; sourceTree = "<group>"; };
/* End PBXFileReference section */

/* Begin PBXFrameworksBuildPhase section */
		D9D2DAE5278F213400635C83 /* Frameworks */ = {
			isa = PBXFrameworksBuildPhase;
			buildActionMask = 2147483647;
			files = (
				D9D2DAF3278F234200635C83 /* libglfw.3.3.dylib in Frameworks */,
				D9D2DAF2278F22E400635C83 /* OpenGL.framework in Frameworks */,
			);
			runOnlyForDeploymentPostprocessing = 0;
		};
		D9D2DB05278FF4E300635C83 /* Frameworks */ = {
			isa = PBXFrameworksBuildPhase;
			buildActionMask = 2147483647;
			files = (
				D9D2DB1A27900A6C00635C83 /* libglfw.3.3.dylib in Frameworks */,
				D9D2DB1927900A4E00635C83 /* OpenGL.framework in Frameworks */,
			);
			runOnlyForDeploymentPostprocessing = 0;
		};
		D9D2DB1C2790180800635C83 /* Frameworks */ = {
			isa = PBXFrameworksBuildPhase;
			buildActionMask = 2147483647;
			files = (
				D9D2DB272790184200635C83 /* libglfw.3.3.dylib in Frameworks */,
				D9D2DB262790183300635C83 /* OpenGL.framework in Frameworks */,
			);
			runOnlyForDeploymentPostprocessing = 0;
		};
		D9F97C8C278C7699004BF785 /* Frameworks */ = {
			isa = PBXFrameworksBuildPhase;
			buildActionMask = 2147483647;
			files = (
				D9F97C9F278C7D86004BF785 /* libglfw.3.3.dylib in Frameworks */,
				D9F97C9B278C7966004BF785 /* OpenGL.framework in Frameworks */,
			);
			runOnlyForDeploymentPostprocessing = 0;
		};
/* End PBXFrameworksBuildPhase section */

/* Begin PBXGroup section */
		D9D2DAE9278F213400635C83 /* triangle */ = {
			isa = PBXGroup;
			children = (
				D9D2DB01278FF43D00635C83 /* triangle.cpp */,
				D9D2DAF0278F21A800635C83 /* glad.c */,
			);
			path = triangle;
			sourceTree = "<group>";
		};
		D9D2DB09278FF4E300635C83 /* OurShader */ = {
			isa = PBXGroup;
			children = (
				D9D2DAFF278FF22900635C83 /* Shader.h */,
				D9D2DB13278FFEAF00635C83 /* Shader.cpp */,
				D9D2DB0A278FF4E300635C83 /* main.cpp */,
				D9D2DB15279008B300635C83 /* shader.vs */,
				D9D2DB16279008C600635C83 /* shader.fs */,
			);
			path = OurShader;
			sourceTree = "<group>";
		};
		D9D2DB202790180800635C83 /* Texture */ = {
			isa = PBXGroup;
			children = (
				D9D2DB3C27903D2200635C83 /* a.jpeg */,
				D9D2DB3B27903C7600635C83 /* MURCat.jpg */,
				D9D2DB39279026C900635C83 /* awesomeface.png */,
				D9D2DB3027901B2C00635C83 /* container.jpeg */,
				D9D2DB212790180800635C83 /* main.cpp */,
				D9D2DB2D279019C700635C83 /* std_image.h */,
				D9D2DB2E27901A9500635C83 /* Shader.vs */,
				D9D2DB2F27901AA300635C83 /* Shader.fs */,
			);
			path = Texture;
			sourceTree = "<group>";
		};
		D9F97C86278C7699004BF785 = {
			isa = PBXGroup;
			children = (
				D9F97C91278C7699004BF785 /* OpenGL_Template */,
				D9D2DAE9278F213400635C83 /* triangle */,
				D9D2DB09278FF4E300635C83 /* OurShader */,
				D9D2DB202790180800635C83 /* Texture */,
				D9F97C90278C7699004BF785 /* Products */,
				D9F97C99278C7966004BF785 /* Frameworks */,
			);
			sourceTree = "<group>";
		};
		D9F97C90278C7699004BF785 /* Products */ = {
			isa = PBXGroup;
			children = (
				D9F97C8F278C7699004BF785 /* OpenGL_Template */,
				D9D2DAE8278F213400635C83 /* triangle */,
				D9D2DB08278FF4E300635C83 /* OurShader */,
				D9D2DB1F2790180800635C83 /* Texture */,
			);
			name = Products;
			sourceTree = "<group>";
		};
		D9F97C91278C7699004BF785 /* OpenGL_Template */ = {
			isa = PBXGroup;
			children = (
				D9F97CA0278C7DB1004BF785 /* glad.c */,
				D9F97C92278C7699004BF785 /* main.cpp */,
			);
			path = OpenGL_Template;
			sourceTree = "<group>";
		};
		D9F97C99278C7966004BF785 /* Frameworks */ = {
			isa = PBXGroup;
			children = (
				D9F97C9E278C7D86004BF785 /* libglfw.3.3.dylib */,
				D9F97C9C278C79A7004BF785 /* libglfw3.a */,
				D9F97C9A278C7966004BF785 /* OpenGL.framework */,
			);
			name = Frameworks;
			sourceTree = "<group>";
		};
/* End PBXGroup section */

/* Begin PBXNativeTarget section */
		D9D2DAE7278F213400635C83 /* triangle */ = {
			isa = PBXNativeTarget;
			buildConfigurationList = D9D2DAEC278F213400635C83 /* Build configuration list for PBXNativeTarget "triangle" */;
			buildPhases = (
				D9D2DAE4278F213400635C83 /* Sources */,
				D9D2DAE5278F213400635C83 /* Frameworks */,
				D9D2DAE6278F213400635C83 /* CopyFiles */,
				D9D2DAF5278F234200635C83 /* Embed Libraries */,
			);
			buildRules = (
			);
			dependencies = (
			);
			name = triangle;
			productName = triangle;
			productReference = D9D2DAE8278F213400635C83 /* triangle */;
			productType = "com.apple.product-type.tool";
		};
		D9D2DB07278FF4E300635C83 /* OurShader */ = {
			isa = PBXNativeTarget;
			buildConfigurationList = D9D2DB0C278FF4E300635C83 /* Build configuration list for PBXNativeTarget "OurShader" */;
			buildPhases = (
				D9D2DB04278FF4E300635C83 /* Sources */,
				D9D2DB05278FF4E300635C83 /* Frameworks */,
				D9D2DB06278FF4E300635C83 /* CopyFiles */,
			);
			buildRules = (
			);
			dependencies = (
			);
			name = OurShader;
			productName = OurShader;
			productReference = D9D2DB08278FF4E300635C83 /* OurShader */;
			productType = "com.apple.product-type.tool";
		};
		D9D2DB1E2790180800635C83 /* Texture */ = {
			isa = PBXNativeTarget;
			buildConfigurationList = D9D2DB232790180800635C83 /* Build configuration list for PBXNativeTarget "Texture" */;
			buildPhases = (
				D9D2DB1B2790180800635C83 /* Sources */,
				D9D2DB1C2790180800635C83 /* Frameworks */,
				D9D2DB1D2790180800635C83 /* CopyFiles */,
				D9D2DB292790184200635C83 /* Embed Libraries */,
			);
			buildRules = (
			);
			dependencies = (
			);
			name = Texture;
			productName = Texture;
			productReference = D9D2DB1F2790180800635C83 /* Texture */;
			productType = "com.apple.product-type.tool";
		};
		D9F97C8E278C7699004BF785 /* OpenGL_Template */ = {
			isa = PBXNativeTarget;
			buildConfigurationList = D9F97C96278C7699004BF785 /* Build configuration list for PBXNativeTarget "OpenGL_Template" */;
			buildPhases = (
				D9F97C8B278C7699004BF785 /* Sources */,
				D9F97C8C278C7699004BF785 /* Frameworks */,
				D9F97C8D278C7699004BF785 /* CopyFiles */,
			);
			buildRules = (
			);
			dependencies = (
			);
			name = OpenGL_Template;
			productName = OpenGL_Template;
			productReference = D9F97C8F278C7699004BF785 /* OpenGL_Template */;
			productType = "com.apple.product-type.tool";
		};
/* End PBXNativeTarget section */

/* Begin PBXProject section */
		D9F97C87278C7699004BF785 /* Project object */ = {
			isa = PBXProject;
			attributes = {
				BuildIndependentTargetsInParallel = 1;
				LastUpgradeCheck = 1320;
				TargetAttributes = {
					D9D2DAE7278F213400635C83 = {
						CreatedOnToolsVersion = 13.2.1;
					};
					D9D2DB07278FF4E300635C83 = {
						CreatedOnToolsVersion = 13.2.1;
					};
					D9D2DB1E2790180800635C83 = {
						CreatedOnToolsVersion = 13.2.1;
					};
					D9F97C8E278C7699004BF785 = {
						CreatedOnToolsVersion = 13.2.1;
					};
				};
			};
			buildConfigurationList = D9F97C8A278C7699004BF785 /* Build configuration list for PBXProject "OpenGL_Template" */;
			compatibilityVersion = "Xcode 13.0";
			developmentRegion = en;
			hasScannedForEncodings = 0;
			knownRegions = (
				en,
				Base,
			);
			mainGroup = D9F97C86278C7699004BF785;
			productRefGroup = D9F97C90278C7699004BF785 /* Products */;
			projectDirPath = "";
			projectRoot = "";
			targets = (
				D9F97C8E278C7699004BF785 /* OpenGL_Template */,
				D9D2DAE7278F213400635C83 /* triangle */,
				D9D2DB07278FF4E300635C83 /* OurShader */,
				D9D2DB1E2790180800635C83 /* Texture */,
			);
		};
/* End PBXProject section */

/* Begin PBXSourcesBuildPhase section */
		D9D2DAE4278F213400635C83 /* Sources */ = {
			isa = PBXSourcesBuildPhase;
			buildActionMask = 2147483647;
			files = (
				D9D2DB02278FF43D00635C83 /* triangle.cpp in Sources */,
				D9D2DAF1278F21A800635C83 /* glad.c in Sources */,
			);
			runOnlyForDeploymentPostprocessing = 0;
		};
		D9D2DB04278FF4E300635C83 /* Sources */ = {
			isa = PBXSourcesBuildPhase;
			buildActionMask = 2147483647;
			files = (
				D9D2DB1827900A1C00635C83 /* shader.fs in Sources */,
				D9D2DB1727900A1800635C83 /* shader.vs in Sources */,
				D9D2DB0B278FF4E300635C83 /* main.cpp in Sources */,
				D9D2DB12278FF5C000635C83 /* glad.c in Sources */,
				D9D2DB14278FFEAF00635C83 /* Shader.cpp in Sources */,
				D9D2DB11278FF5BD00635C83 /* Shader.h in Sources */,
			);
			runOnlyForDeploymentPostprocessing = 0;
		};
		D9D2DB1B2790180800635C83 /* Sources */ = {
			isa = PBXSourcesBuildPhase;
			buildActionMask = 2147483647;
			files = (
				D9D2DB38279023D200635C83 /* Shader.cpp in Sources */,
				D9D2DB3427901DD000635C83 /* container.jpeg in Sources */,
				D9D2DB3327901DCD00635C83 /* std_image.h in Sources */,
				D9D2DB3227901DCA00635C83 /* Shader.fs in Sources */,
				D9D2DB3127901DC500635C83 /* Shader.vs in Sources */,
				D9D2DB2A2790186D00635C83 /* glad.c in Sources */,
				D9D2DB222790180800635C83 /* main.cpp in Sources */,
			);
			runOnlyForDeploymentPostprocessing = 0;
		};
		D9F97C8B278C7699004BF785 /* Sources */ = {
			isa = PBXSourcesBuildPhase;
			buildActionMask = 2147483647;
			files = (
				D9F97C93278C7699004BF785 /* main.cpp in Sources */,
				D9F97CA1278C7DB1004BF785 /* glad.c in Sources */,
			);
			runOnlyForDeploymentPostprocessing = 0;
		};
/* End PBXSourcesBuildPhase section */

/* Begin XCBuildConfiguration section */
		D9D2DAED278F213400635C83 /* Debug */ = {
			isa = XCBuildConfiguration;
			buildSettings = {
				CODE_SIGN_STYLE = Automatic;
				LIBRARY_SEARCH_PATHS = (
					"$(inherited)",
					/usr/local/Cellar/glfw/3.3.6/lib,
				);
				PRODUCT_NAME = "$(TARGET_NAME)";
			};
			name = Debug;
		};
		D9D2DAEE278F213400635C83 /* Release */ = {
			isa = XCBuildConfiguration;
			buildSettings = {
				CODE_SIGN_STYLE = Automatic;
				LIBRARY_SEARCH_PATHS = (
					"$(inherited)",
					/usr/local/Cellar/glfw/3.3.6/lib,
				);
				PRODUCT_NAME = "$(TARGET_NAME)";
			};
			name = Release;
		};
		D9D2DB0D278FF4E300635C83 /* Debug */ = {
			isa = XCBuildConfiguration;
			buildSettings = {
				CODE_SIGN_STYLE = Automatic;
				LIBRARY_SEARCH_PATHS = (
					"$(inherited)",
					/usr/local/Cellar/glfw/3.3.6/lib,
				);
				PRODUCT_NAME = "$(TARGET_NAME)";
			};
			name = Debug;
		};
		D9D2DB0E278FF4E300635C83 /* Release */ = {
			isa = XCBuildConfiguration;
			buildSettings = {
				CODE_SIGN_STYLE = Automatic;
				LIBRARY_SEARCH_PATHS = (
					"$(inherited)",
					/usr/local/Cellar/glfw/3.3.6/lib,
				);
				PRODUCT_NAME = "$(TARGET_NAME)";
			};
			name = Release;
		};
		D9D2DB242790180800635C83 /* Debug */ = {
			isa = XCBuildConfiguration;
			buildSettings = {
				CODE_SIGN_STYLE = Automatic;
				LIBRARY_SEARCH_PATHS = (
					"$(inherited)",
					/usr/local/Cellar/glfw/3.3.6/lib,
				);
				PRODUCT_NAME = "$(TARGET_NAME)";
			};
			name = Debug;
		};
		D9D2DB252790180800635C83 /* Release */ = {
			isa = XCBuildConfiguration;
			buildSettings = {
				CODE_SIGN_STYLE = Automatic;
				LIBRARY_SEARCH_PATHS = (
					"$(inherited)",
					/usr/local/Cellar/glfw/3.3.6/lib,
				);
				PRODUCT_NAME = "$(TARGET_NAME)";
			};
			name = Release;
		};
		D9F97C94278C7699004BF785 /* Debug */ = {
			isa = XCBuildConfiguration;
			buildSettings = {
				ALWAYS_SEARCH_USER_PATHS = NO;
				CLANG_ANALYZER_NONNULL = YES;
				CLANG_ANALYZER_NUMBER_OBJECT_CONVERSION = YES_AGGRESSIVE;
				CLANG_CXX_LANGUAGE_STANDARD = "gnu++17";
				CLANG_CXX_LIBRARY = "libc++";
				CLANG_ENABLE_MODULES = YES;
				CLANG_ENABLE_OBJC_ARC = YES;
				CLANG_ENABLE_OBJC_WEAK = YES;
				CLANG_WARN_BLOCK_CAPTURE_AUTORELEASING = YES;
				CLANG_WARN_BOOL_CONVERSION = YES;
				CLANG_WARN_COMMA = YES;
				CLANG_WARN_CONSTANT_CONVERSION = YES;
				CLANG_WARN_DEPRECATED_OBJC_IMPLEMENTATIONS = YES;
				CLANG_WARN_DIRECT_OBJC_ISA_USAGE = YES_ERROR;
				CLANG_WARN_DOCUMENTATION_COMMENTS = YES;
				CLANG_WARN_EMPTY_BODY = YES;
				CLANG_WARN_ENUM_CONVERSION = YES;
				CLANG_WARN_INFINITE_RECURSION = YES;
				CLANG_WARN_INT_CONVERSION = YES;
				CLANG_WARN_NON_LITERAL_NULL_CONVERSION = YES;
				CLANG_WARN_OBJC_IMPLICIT_RETAIN_SELF = YES;
				CLANG_WARN_OBJC_LITERAL_CONVERSION = YES;
				CLANG_WARN_OBJC_ROOT_CLASS = YES_ERROR;
				CLANG_WARN_QUOTED_INCLUDE_IN_FRAMEWORK_HEADER = YES;
				CLANG_WARN_RANGE_LOOP_ANALYSIS = YES;
				CLANG_WARN_STRICT_PROTOTYPES = YES;
				CLANG_WARN_SUSPICIOUS_MOVE = YES;
				CLANG_WARN_UNGUARDED_AVAILABILITY = YES_AGGRESSIVE;
				CLANG_WARN_UNREACHABLE_CODE = YES;
				CLANG_WARN__DUPLICATE_METHOD_MATCH = YES;
				COPY_PHASE_STRIP = NO;
				DEBUG_INFORMATION_FORMAT = dwarf;
				ENABLE_STRICT_OBJC_MSGSEND = YES;
				ENABLE_TESTABILITY = YES;
				GCC_C_LANGUAGE_STANDARD = gnu11;
				GCC_DYNAMIC_NO_PIC = NO;
				GCC_NO_COMMON_BLOCKS = YES;
				GCC_OPTIMIZATION_LEVEL = 0;
				GCC_PREPROCESSOR_DEFINITIONS = (
					"DEBUG=1",
					"$(inherited)",
				);
				GCC_WARN_64_TO_32_BIT_CONVERSION = YES;
				GCC_WARN_ABOUT_RETURN_TYPE = YES_ERROR;
				GCC_WARN_UNDECLARED_SELECTOR = YES;
				GCC_WARN_UNINITIALIZED_AUTOS = YES_AGGRESSIVE;
				GCC_WARN_UNUSED_FUNCTION = YES;
				GCC_WARN_UNUSED_VARIABLE = YES;
				HEADER_SEARCH_PATHS = (
					$glfw_header,
					/usr/local/include,
				);
				LIBRARY_SEARCH_PATHS = "$(glfw_lib)";
				MACOSX_DEPLOYMENT_TARGET = 12.0;
				MTL_ENABLE_DEBUG_INFO = INCLUDE_SOURCE;
				MTL_FAST_MATH = YES;
				ONLY_ACTIVE_ARCH = YES;
				SDKROOT = macosx;
			};
			name = Debug;
		};
		D9F97C95278C7699004BF785 /* Release */ = {
			isa = XCBuildConfiguration;
			buildSettings = {
				ALWAYS_SEARCH_USER_PATHS = NO;
				CLANG_ANALYZER_NONNULL = YES;
				CLANG_ANALYZER_NUMBER_OBJECT_CONVERSION = YES_AGGRESSIVE;
				CLANG_CXX_LANGUAGE_STANDARD = "gnu++17";
				CLANG_CXX_LIBRARY = "libc++";
				CLANG_ENABLE_MODULES = YES;
				CLANG_ENABLE_OBJC_ARC = YES;
				CLANG_ENABLE_OBJC_WEAK = YES;
				CLANG_WARN_BLOCK_CAPTURE_AUTORELEASING = YES;
				CLANG_WARN_BOOL_CONVERSION = YES;
				CLANG_WARN_COMMA = YES;
				CLANG_WARN_CONSTANT_CONVERSION = YES;
				CLANG_WARN_DEPRECATED_OBJC_IMPLEMENTATIONS = YES;
				CLANG_WARN_DIRECT_OBJC_ISA_USAGE = YES_ERROR;
				CLANG_WARN_DOCUMENTATION_COMMENTS = YES;
				CLANG_WARN_EMPTY_BODY = YES;
				CLANG_WARN_ENUM_CONVERSION = YES;
				CLANG_WARN_INFINITE_RECURSION = YES;
				CLANG_WARN_INT_CONVERSION = YES;
				CLANG_WARN_NON_LITERAL_NULL_CONVERSION = YES;
				CLANG_WARN_OBJC_IMPLICIT_RETAIN_SELF = YES;
				CLANG_WARN_OBJC_LITERAL_CONVERSION = YES;
				CLANG_WARN_OBJC_ROOT_CLASS = YES_ERROR;
				CLANG_WARN_QUOTED_INCLUDE_IN_FRAMEWORK_HEADER = YES;
				CLANG_WARN_RANGE_LOOP_ANALYSIS = YES;
				CLANG_WARN_STRICT_PROTOTYPES = YES;
				CLANG_WARN_SUSPICIOUS_MOVE = YES;
				CLANG_WARN_UNGUARDED_AVAILABILITY = YES_AGGRESSIVE;
				CLANG_WARN_UNREACHABLE_CODE = YES;
				CLANG_WARN__DUPLICATE_METHOD_MATCH = YES;
				COPY_PHASE_STRIP = NO;
				DEBUG_INFORMATION_FORMAT = "dwarf-with-dsym";
				ENABLE_NS_ASSERTIONS = NO;
				ENABLE_STRICT_OBJC_MSGSEND = YES;
				GCC_C_LANGUAGE_STANDARD = gnu11;
				GCC_NO_COMMON_BLOCKS = YES;
				GCC_WARN_64_TO_32_BIT_CONVERSION = YES;
				GCC_WARN_ABOUT_RETURN_TYPE = YES_ERROR;
				GCC_WARN_UNDECLARED_SELECTOR = YES;
				GCC_WARN_UNINITIALIZED_AUTOS = YES_AGGRESSIVE;
				GCC_WARN_UNUSED_FUNCTION = YES;
				GCC_WARN_UNUSED_VARIABLE = YES;
				HEADER_SEARCH_PATHS = (
					$glfw_header,
					/usr/local/include,
				);
				LIBRARY_SEARCH_PATHS = "$(glfw_lib)";
				MACOSX_DEPLOYMENT_TARGET = 12.0;
				MTL_ENABLE_DEBUG_INFO = NO;
				MTL_FAST_MATH = YES;
				SDKROOT = macosx;
			};
			name = Release;
		};
		D9F97C97278C7699004BF785 /* Debug */ = {
			isa = XCBuildConfiguration;
			buildSettings = {
				CODE_SIGN_STYLE = Automatic;
				LIBRARY_SEARCH_PATHS = (
					"$(inherited)",
					/usr/local/Cellar/glfw/3.3.6/lib,
				);
				PRODUCT_NAME = "$(TARGET_NAME)";
			};
			name = Debug;
		};
		D9F97C98278C7699004BF785 /* Release */ = {
			isa = XCBuildConfiguration;
			buildSettings = {
				CODE_SIGN_STYLE = Automatic;
				LIBRARY_SEARCH_PATHS = (
					"$(inherited)",
					/usr/local/Cellar/glfw/3.3.6/lib,
				);
				PRODUCT_NAME = "$(TARGET_NAME)";
			};
			name = Release;
		};
/* End XCBuildConfiguration section */

/* Begin XCConfigurationList section */
		D9D2DAEC278F213400635C83 /* Build configuration list for PBXNativeTarget "triangle" */ = {
			isa = XCConfigurationList;
			buildConfigurations = (
				D9D2DAED278F213400635C83 /* Debug */,
				D9D2DAEE278F213400635C83 /* Release */,
			);
			defaultConfigurationIsVisible = 0;
			defaultConfigurationName = Release;
		};
		D9D2DB0C278FF4E300635C83 /* Build configuration list for PBXNativeTarget "OurShader" */ = {
			isa = XCConfigurationList;
			buildConfigurations = (
				D9D2DB0D278FF4E300635C83 /* Debug */,
				D9D2DB0E278FF4E300635C83 /* Release */,
			);
			defaultConfigurationIsVisible = 0;
			defaultConfigurationName = Release;
		};
		D9D2DB232790180800635C83 /* Build configuration list for PBXNativeTarget "Texture" */ = {
			isa = XCConfigurationList;
			buildConfigurations = (
				D9D2DB242790180800635C83 /* Debug */,
				D9D2DB252790180800635C83 /* Release */,
			);
			defaultConfigurationIsVisible = 0;
			defaultConfigurationName = Release;
		};
		D9F97C8A278C7699004BF785 /* Build configuration list for PBXProject "OpenGL_Template" */ = {
			isa = XCConfigurationList;
			buildConfigurations = (
				D9F97C94278C7699004BF785 /* Debug */,
				D9F97C95278C7699004BF785 /* Release */,
			);
			defaultConfigurationIsVisible = 0;
			defaultConfigurationName = Release;
		};
		D9F97C96278C7699004BF785 /* Build configuration list for PBXNativeTarget "OpenGL_Template" */ = {
			isa = XCConfigurationList;
			buildConfigurations = (
				D9F97C97278C7699004BF785 /* Debug */,
				D9F97C98278C7699004BF785 /* Release */,
			);
			defaultConfigurationIsVisible = 0;
			defaultConfigurationName = Release;
		};
/* End XCConfigurationList section */
	};
	rootObject = D9F97C87278C7699004BF785 /* Project object */;
}
